<Solution>
    <Folder Name="/Automation/">
        <Project Path="build\Build.csproj"/>
    </Folder>
    <Folder Name="/Solution Items/">
        <File Path="build/appsettings.json"/>
        <File Path="README.md"/>
    </Folder>
    <Project Path="Nice3point.Revit.Api\Nice3point.Revit.Api.csproj"/>
</Solution>