<Solution>
    <Folder Name="/Automation/">
        <Project Path="build\RevitApi.Pipeline.csproj">
            <Configuration Solution="Release|Any CPU" Project="Release|Any CPU|NoBuild"/>
        </Project>
    </Folder>
    <Folder Name="/Solution Items/">
        <File Path="Readme.md"/>
        <File Path="Build\Build.Configuration.cs"/>
    </Folder>
    <Project Path="RevitApi\RevitApi.csproj" Type="Classic C#"/>
</Solution>